// !$*UTF8*$!
{
	archiveVersion = 1;
	classes = {
	};
	objectVersion = 46;
	objects = {

/* Begin PBXBuildFile section */
		591820A11AE72E0B00032809 /* AGTCoreDataCollectionViewController.m in Sources */ = {isa = PBXBuildFile; fileRef = 591820A01AE72E0B00032809 /* AGTCoreDataCollectionViewController.m */; };
		591820A71AE732F800032809 /* FLGHackerBooksBaseClass.m in Sources */ = {isa = PBXBuildFile; fileRef = 591820A61AE732F800032809 /* FLGHackerBooksBaseClass.m */; };
		591820AB1AE7365400032809 /* FLGAnnotationViewController.m in Sources */ = {isa = PBXBuildFile; fileRef = 591820A91AE7365400032809 /* FLGAnnotationViewController.m */; };
		591820AC1AE7365400032809 /* FLGAnnotationViewController~iphone.xib in Resources */ = {isa = PBXBuildFile; fileRef = 591820AA1AE7365400032809 /* FLGAnnotationViewController~iphone.xib */; };
		591820AE1AE7397000032809 /* FLGAnnotationViewController.xib in Resources */ = {isa = PBXBuildFile; fileRef = 591820AD1AE7397000032809 /* FLGAnnotationViewController.xib */; };
		591820B21AE73A7E00032809 /* FLGPhotoViewController.m in Sources */ = {isa = PBXBuildFile; fileRef = 591820B01AE73A7E00032809 /* FLGPhotoViewController.m */; };
		591820B31AE73A7E00032809 /* FLGPhotoViewController.xib in Resources */ = {isa = PBXBuildFile; fileRef = 591820B11AE73A7E00032809 /* FLGPhotoViewController.xib */; };
		597238551AE82EBD001377BC /* album.png in Resources */ = {isa = PBXBuildFile; fileRef = 5972384F1AE82EBD001377BC /* album.png */; };
		597238561AE82EBD001377BC /* album@2x.png in Resources */ = {isa = PBXBuildFile; fileRef = 597238501AE82EBD001377BC /* album@2x.png */; };
		597238571AE82EBD001377BC /* album@3x.png in Resources */ = {isa = PBXBuildFile; fileRef = 597238511AE82EBD001377BC /* album@3x.png */; };
		597238581AE82EBD001377BC /* roll.png in Resources */ = {isa = PBXBuildFile; fileRef = 597238521AE82EBD001377BC /* roll.png */; };
		597238591AE82EBD001377BC /* roll@2x.png in Resources */ = {isa = PBXBuildFile; fileRef = 597238531AE82EBD001377BC /* roll@2x.png */; };
		5972385A1AE82EBD001377BC /* roll@3x.png in Resources */ = {isa = PBXBuildFile; fileRef = 597238541AE82EBD001377BC /* roll@3x.png */; };
		597238941AE85F4E001377BC /* FLGAnnotationTableViewCell.m in Sources */ = {isa = PBXBuildFile; fileRef = 597238921AE85F4E001377BC /* FLGAnnotationTableViewCell.m */; };
		597238951AE85F4E001377BC /* FLGAnnotationTableViewCell.xib in Resources */ = {isa = PBXBuildFile; fileRef = 597238931AE85F4E001377BC /* FLGAnnotationTableViewCell.xib */; };
		59AFD6AB1AE4F2FF004BEA6B /* AGTCoreDataStack+FetchWithContext.m in Sources */ = {isa = PBXBuildFile; fileRef = 59AFD6AA1AE4F2FF004BEA6B /* AGTCoreDataStack+FetchWithContext.m */; };
		59AFD6E91AE5D63F004BEA6B /* FLGPdfViewController.m in Sources */ = {isa = PBXBuildFile; fileRef = 59AFD6E51AE5D63F004BEA6B /* FLGPdfViewController.m */; };
		59AFD6EA1AE5D63F004BEA6B /* FLGPdfViewController.xib in Resources */ = {isa = PBXBuildFile; fileRef = 59AFD6E61AE5D63F004BEA6B /* FLGPdfViewController.xib */; };
		59AFD7151AE5D856004BEA6B /* CGPDFDocument.m in Sources */ = {isa = PBXBuildFile; fileRef = 59AFD6EE1AE5D856004BEA6B /* CGPDFDocument.m */; };
		59AFD7161AE5D856004BEA6B /* ReaderConstants.m in Sources */ = {isa = PBXBuildFile; fileRef = 59AFD6F01AE5D856004BEA6B /* ReaderConstants.m */; };
		59AFD7171AE5D856004BEA6B /* ReaderContentPage.m in Sources */ = {isa = PBXBuildFile; fileRef = 59AFD6F21AE5D856004BEA6B /* ReaderContentPage.m */; };
		59AFD7181AE5D856004BEA6B /* ReaderContentTile.m in Sources */ = {isa = PBXBuildFile; fileRef = 59AFD6F41AE5D856004BEA6B /* ReaderContentTile.m */; };
		59AFD7191AE5D856004BEA6B /* ReaderContentView.m in Sources */ = {isa = PBXBuildFile; fileRef = 59AFD6F61AE5D856004BEA6B /* ReaderContentView.m */; };
		59AFD71A1AE5D856004BEA6B /* ReaderDocument.m in Sources */ = {isa = PBXBuildFile; fileRef = 59AFD6F81AE5D856004BEA6B /* ReaderDocument.m */; };
		59AFD71B1AE5D856004BEA6B /* ReaderDocumentOutline.m in Sources */ = {isa = PBXBuildFile; fileRef = 59AFD6FA1AE5D856004BEA6B /* ReaderDocumentOutline.m */; };
		59AFD71C1AE5D856004BEA6B /* ReaderMainPagebar.m in Sources */ = {isa = PBXBuildFile; fileRef = 59AFD6FC1AE5D856004BEA6B /* ReaderMainPagebar.m */; };
		59AFD71D1AE5D856004BEA6B /* ReaderMainToolbar.m in Sources */ = {isa = PBXBuildFile; fileRef = 59AFD6FE1AE5D856004BEA6B /* ReaderMainToolbar.m */; };
		59AFD71E1AE5D856004BEA6B /* ReaderThumbCache.m in Sources */ = {isa = PBXBuildFile; fileRef = 59AFD7001AE5D856004BEA6B /* ReaderThumbCache.m */; };
		59AFD71F1AE5D856004BEA6B /* ReaderThumbFetch.m in Sources */ = {isa = PBXBuildFile; fileRef = 59AFD7021AE5D856004BEA6B /* ReaderThumbFetch.m */; };
		59AFD7201AE5D856004BEA6B /* ReaderThumbQueue.m in Sources */ = {isa = PBXBuildFile; fileRef = 59AFD7041AE5D856004BEA6B /* ReaderThumbQueue.m */; };
		59AFD7211AE5D856004BEA6B /* ReaderThumbRender.m in Sources */ = {isa = PBXBuildFile; fileRef = 59AFD7061AE5D856004BEA6B /* ReaderThumbRender.m */; };
		59AFD7221AE5D856004BEA6B /* ReaderThumbRequest.m in Sources */ = {isa = PBXBuildFile; fileRef = 59AFD7081AE5D856004BEA6B /* ReaderThumbRequest.m */; };
		59AFD7231AE5D856004BEA6B /* ReaderThumbsView.m in Sources */ = {isa = PBXBuildFile; fileRef = 59AFD70A1AE5D856004BEA6B /* ReaderThumbsView.m */; };
		59AFD7241AE5D856004BEA6B /* ReaderThumbView.m in Sources */ = {isa = PBXBuildFile; fileRef = 59AFD70C1AE5D856004BEA6B /* ReaderThumbView.m */; };
		59AFD7251AE5D856004BEA6B /* ReaderViewController.m in Sources */ = {isa = PBXBuildFile; fileRef = 59AFD70E1AE5D856004BEA6B /* ReaderViewController.m */; };
		59AFD7261AE5D856004BEA6B /* ThumbsMainToolbar.m in Sources */ = {isa = PBXBuildFile; fileRef = 59AFD7101AE5D856004BEA6B /* ThumbsMainToolbar.m */; };
		59AFD7271AE5D856004BEA6B /* ThumbsViewController.m in Sources */ = {isa = PBXBuildFile; fileRef = 59AFD7121AE5D856004BEA6B /* ThumbsViewController.m */; };
		59AFD7281AE5D856004BEA6B /* UIXToolbarView.m in Sources */ = {isa = PBXBuildFile; fileRef = 59AFD7141AE5D856004BEA6B /* UIXToolbarView.m */; };
		59D6DBE31AE9B92400F33A5E /* FLGAnnotationsTableViewController.m in Sources */ = {isa = PBXBuildFile; fileRef = 59D6DBE21AE9B92400F33A5E /* FLGAnnotationsTableViewController.m */; };
		59DA36C31AE08C1000A7E12E /* FLGSplashViewController.m in Sources */ = {isa = PBXBuildFile; fileRef = 59DA36C11AE08C1000A7E12E /* FLGSplashViewController.m */; };
		59DA36C41AE08C1000A7E12E /* FLGSplashViewController.xib in Resources */ = {isa = PBXBuildFile; fileRef = 59DA36C21AE08C1000A7E12E /* FLGSplashViewController.xib */; };
		59DA36C61AE08D4C00A7E12E /* book.png in Resources */ = {isa = PBXBuildFile; fileRef = 59DA36C51AE08D4C00A7E12E /* book.png */; };
		59DF20511ADDCF1000556DA2 /* AGTCoreDataStack.m in Sources */ = {isa = PBXBuildFile; fileRef = 59DF20501ADDCF1000556DA2 /* AGTCoreDataStack.m */; };
		59DF20691ADEBB1000556DA2 /* AGTCoreDataTableViewController.m in Sources */ = {isa = PBXBuildFile; fileRef = 59DF20681ADEBB1000556DA2 /* AGTCoreDataTableViewController.m */; };
		59DF20701ADEBB8E00556DA2 /* UIViewController+Navigation.m in Sources */ = {isa = PBXBuildFile; fileRef = 59DF206F1ADEBB8E00556DA2 /* UIViewController+Navigation.m */; };
		59DF20731ADF1DB800556DA2 /* FLGLibraryTableViewController.m in Sources */ = {isa = PBXBuildFile; fileRef = 59DF20721ADF1DB800556DA2 /* FLGLibraryTableViewController.m */; };
		59DF20761ADF237400556DA2 /* no_image.png in Resources */ = {isa = PBXBuildFile; fileRef = 59DF20751ADF237400556DA2 /* no_image.png */; };
		59DF207A1ADF24D300556DA2 /* FLGBookTableViewCell.m in Sources */ = {isa = PBXBuildFile; fileRef = 59DF20781ADF24D300556DA2 /* FLGBookTableViewCell.m */; };
		59DF207B1ADF24D300556DA2 /* FLGBookTableViewCell.xib in Resources */ = {isa = PBXBuildFile; fileRef = 59DF20791ADF24D300556DA2 /* FLGBookTableViewCell.xib */; };
		59DF20851ADF299D00556DA2 /* favourite_icon_off.png in Resources */ = {isa = PBXBuildFile; fileRef = 59DF207D1ADF299D00556DA2 /* favourite_icon_off.png */; };
		59DF20861ADF299D00556DA2 /* favourite_icon_on.png in Resources */ = {isa = PBXBuildFile; fileRef = 59DF207E1ADF299D00556DA2 /* favourite_icon_on.png */; };
		59DF20871ADF299D00556DA2 /* favourite_off.png in Resources */ = {isa = PBXBuildFile; fileRef = 59DF207F1ADF299D00556DA2 /* favourite_off.png */; };
		59DF20881ADF299D00556DA2 /* favourite_on.png in Resources */ = {isa = PBXBuildFile; fileRef = 59DF20801ADF299D00556DA2 /* favourite_on.png */; };
		59DF20891ADF299D00556DA2 /* open_pdf.png in Resources */ = {isa = PBXBuildFile; fileRef = 59DF20811ADF299D00556DA2 /* open_pdf.png */; };
		59DF208A1ADF299D00556DA2 /* open_pdf@2x.png in Resources */ = {isa = PBXBuildFile; fileRef = 59DF20821ADF299D00556DA2 /* open_pdf@2x.png */; };
		59DF208B1ADF299D00556DA2 /* saved_icon.png in Resources */ = {isa = PBXBuildFile; fileRef = 59DF20831ADF299D00556DA2 /* saved_icon.png */; };
		59DF208C1ADF299D00556DA2 /* saved_on.png in Resources */ = {isa = PBXBuildFile; fileRef = 59DF20841ADF299D00556DA2 /* saved_on.png */; };
		59DF20901ADFFCC900556DA2 /* FLGBookViewController.m in Sources */ = {isa = PBXBuildFile; fileRef = 59DF208E1ADFFCC900556DA2 /* FLGBookViewController.m */; };
		59DF20911ADFFCC900556DA2 /* FLGBookViewController.xib in Resources */ = {isa = PBXBuildFile; fileRef = 59DF208F1ADFFCC900556DA2 /* FLGBookViewController.xib */; };
		59DF20D61AE00D9900556DA2 /* FLGBookViewController~iphone.xib in Resources */ = {isa = PBXBuildFile; fileRef = 59DF20D51AE00D9900556DA2 /* FLGBookViewController~iphone.xib */; };
		59E0401A1ADC2781007EF337 /* main.m in Sources */ = {isa = PBXBuildFile; fileRef = 59E040191ADC2781007EF337 /* main.m */; };
		59E0401D1ADC2782007EF337 /* AppDelegate.m in Sources */ = {isa = PBXBuildFile; fileRef = 59E0401C1ADC2782007EF337 /* AppDelegate.m */; };
		59E0401F1ADC2782007EF337 /* Images.xcassets in Resources */ = {isa = PBXBuildFile; fileRef = 59E0401E1ADC2782007EF337 /* Images.xcassets */; };
		59E040221ADC2782007EF337 /* LaunchScreen.xib in Resources */ = {isa = PBXBuildFile; fileRef = 59E040201ADC2782007EF337 /* LaunchScreen.xib */; };
		59E0402E1ADC2782007EF337 /* HackerBooksAdvancedTests.m in Sources */ = {isa = PBXBuildFile; fileRef = 59E0402D1ADC2782007EF337 /* HackerBooksAdvancedTests.m */; };
		59E0403A1ADC29F6007EF337 /* Model.xcdatamodeld in Sources */ = {isa = PBXBuildFile; fileRef = 59E040381ADC29F6007EF337 /* Model.xcdatamodeld */; };
		59E0404B1ADC3093007EF337 /* _FLGAnnotation.m in Sources */ = {isa = PBXBuildFile; fileRef = 59E0403C1ADC3093007EF337 /* _FLGAnnotation.m */; };
		59E0404C1ADC3093007EF337 /* _FLGAuthor.m in Sources */ = {isa = PBXBuildFile; fileRef = 59E0403E1ADC3093007EF337 /* _FLGAuthor.m */; };
		59E0404D1ADC3093007EF337 /* _FLGBook.m in Sources */ = {isa = PBXBuildFile; fileRef = 59E040401ADC3093007EF337 /* _FLGBook.m */; };
		59E0404E1ADC3093007EF337 /* _FLGCover.m in Sources */ = {isa = PBXBuildFile; fileRef = 59E040421ADC3093007EF337 /* _FLGCover.m */; };
		59E0404F1ADC3093007EF337 /* _FLGLocation.m in Sources */ = {isa = PBXBuildFile; fileRef = 59E040441ADC3093007EF337 /* _FLGLocation.m */; };
		59E040501ADC3093007EF337 /* _FLGPdf.m in Sources */ = {isa = PBXBuildFile; fileRef = 59E040461ADC3093007EF337 /* _FLGPdf.m */; };
		59E040511ADC3093007EF337 /* _FLGPhoto.m in Sources */ = {isa = PBXBuildFile; fileRef = 59E040481ADC3093007EF337 /* _FLGPhoto.m */; };
		59E040521ADC3093007EF337 /* _FLGTag.m in Sources */ = {isa = PBXBuildFile; fileRef = 59E0404A1ADC3093007EF337 /* _FLGTag.m */; };
		59E040641ADC30AF007EF337 /* FLGAnnotation.m in Sources */ = {isa = PBXBuildFile; fileRef = 59E040551ADC30AF007EF337 /* FLGAnnotation.m */; };
		59E040651ADC30AF007EF337 /* FLGAuthor.m in Sources */ = {isa = PBXBuildFile; fileRef = 59E040571ADC30AF007EF337 /* FLGAuthor.m */; };
		59E040661ADC30B0007EF337 /* FLGBook.m in Sources */ = {isa = PBXBuildFile; fileRef = 59E040591ADC30AF007EF337 /* FLGBook.m */; };
		59E040671ADC30B0007EF337 /* FLGCover.m in Sources */ = {isa = PBXBuildFile; fileRef = 59E0405B1ADC30AF007EF337 /* FLGCover.m */; };
		59E040681ADC30B0007EF337 /* FLGLocation.m in Sources */ = {isa = PBXBuildFile; fileRef = 59E0405D1ADC30AF007EF337 /* FLGLocation.m */; };
		59E040691ADC30B0007EF337 /* FLGPdf.m in Sources */ = {isa = PBXBuildFile; fileRef = 59E0405F1ADC30AF007EF337 /* FLGPdf.m */; };
		59E0406A1ADC30B0007EF337 /* FLGPhoto.m in Sources */ = {isa = PBXBuildFile; fileRef = 59E040611ADC30AF007EF337 /* FLGPhoto.m */; };
		59E0406B1ADC30B0007EF337 /* FLGTag.m in Sources */ = {isa = PBXBuildFile; fileRef = 59E040631ADC30AF007EF337 /* FLGTag.m */; };
/* End PBXBuildFile section */

/* Begin PBXContainerItemProxy section */
		59E040281ADC2782007EF337 /* PBXContainerItemProxy */ = {
			isa = PBXContainerItemProxy;
			containerPortal = 59E0400C1ADC2781007EF337 /* Project object */;
			proxyType = 1;
			remoteGlobalIDString = 59E040131ADC2781007EF337;
			remoteInfo = HackerBooksAdvanced;
		};
/* End PBXContainerItemProxy section */

/* Begin PBXFileReference section */
		5918209F1AE72E0B00032809 /* AGTCoreDataCollectionViewController.h */ = {isa = PBXFileReference; fileEncoding = 4; lastKnownFileType = sourcecode.c.h; path = AGTCoreDataCollectionViewController.h; sourceTree = "<group>"; };
		591820A01AE72E0B00032809 /* AGTCoreDataCollectionViewController.m */ = {isa = PBXFileReference; fileEncoding = 4; lastKnownFileType = sourcecode.c.objc; path = AGTCoreDataCollectionViewController.m; sourceTree = "<group>"; };
		591820A51AE732F800032809 /* FLGHackerBooksBaseClass.h */ = {isa = PBXFileReference; fileEncoding = 4; lastKnownFileType = sourcecode.c.h; path = FLGHackerBooksBaseClass.h; sourceTree = "<group>"; };
		591820A61AE732F800032809 /* FLGHackerBooksBaseClass.m */ = {isa = PBXFileReference; fileEncoding = 4; lastKnownFileType = sourcecode.c.objc; path = FLGHackerBooksBaseClass.m; sourceTree = "<group>"; };
		591820A81AE7365400032809 /* FLGAnnotationViewController.h */ = {isa = PBXFileReference; fileEncoding = 4; lastKnownFileType = sourcecode.c.h; path = FLGAnnotationViewController.h; sourceTree = "<group>"; };
		591820A91AE7365400032809 /* FLGAnnotationViewController.m */ = {isa = PBXFileReference; fileEncoding = 4; lastKnownFileType = sourcecode.c.objc; path = FLGAnnotationViewController.m; sourceTree = "<group>"; };
		591820AA1AE7365400032809 /* FLGAnnotationViewController~iphone.xib */ = {isa = PBXFileReference; fileEncoding = 4; lastKnownFileType = file.xib; path = "FLGAnnotationViewController~iphone.xib"; sourceTree = "<group>"; };
		591820AD1AE7397000032809 /* FLGAnnotationViewController.xib */ = {isa = PBXFileReference; fileEncoding = 4; lastKnownFileType = file.xib; path = FLGAnnotationViewController.xib; sourceTree = "<group>"; };
		591820AF1AE73A7E00032809 /* FLGPhotoViewController.h */ = {isa = PBXFileReference; fileEncoding = 4; lastKnownFileType = sourcecode.c.h; path = FLGPhotoViewController.h; sourceTree = "<group>"; };
		591820B01AE73A7E00032809 /* FLGPhotoViewController.m */ = {isa = PBXFileReference; fileEncoding = 4; lastKnownFileType = sourcecode.c.objc; path = FLGPhotoViewController.m; sourceTree = "<group>"; };
		591820B11AE73A7E00032809 /* FLGPhotoViewController.xib */ = {isa = PBXFileReference; fileEncoding = 4; lastKnownFileType = file.xib; path = FLGPhotoViewController.xib; sourceTree = "<group>"; };
		5972384F1AE82EBD001377BC /* album.png */ = {isa = PBXFileReference; lastKnownFileType = image.png; path = album.png; sourceTree = "<group>"; };
		597238501AE82EBD001377BC /* album@2x.png */ = {isa = PBXFileReference; lastKnownFileType = image.png; path = "album@2x.png"; sourceTree = "<group>"; };
		597238511AE82EBD001377BC /* album@3x.png */ = {isa = PBXFileReference; lastKnownFileType = image.png; path = "album@3x.png"; sourceTree = "<group>"; };
		597238521AE82EBD001377BC /* roll.png */ = {isa = PBXFileReference; lastKnownFileType = image.png; path = roll.png; sourceTree = "<group>"; };
		597238531AE82EBD001377BC /* roll@2x.png */ = {isa = PBXFileReference; lastKnownFileType = image.png; path = "roll@2x.png"; sourceTree = "<group>"; };
		597238541AE82EBD001377BC /* roll@3x.png */ = {isa = PBXFileReference; lastKnownFileType = image.png; path = "roll@3x.png"; sourceTree = "<group>"; };
		597238911AE85F4E001377BC /* FLGAnnotationTableViewCell.h */ = {isa = PBXFileReference; fileEncoding = 4; lastKnownFileType = sourcecode.c.h; path = FLGAnnotationTableViewCell.h; sourceTree = "<group>"; };
		597238921AE85F4E001377BC /* FLGAnnotationTableViewCell.m */ = {isa = PBXFileReference; fileEncoding = 4; lastKnownFileType = sourcecode.c.objc; path = FLGAnnotationTableViewCell.m; sourceTree = "<group>"; };
		597238931AE85F4E001377BC /* FLGAnnotationTableViewCell.xib */ = {isa = PBXFileReference; fileEncoding = 4; lastKnownFileType = file.xib; path = FLGAnnotationTableViewCell.xib; sourceTree = "<group>"; };
		59AFD6A91AE4F2FF004BEA6B /* AGTCoreDataStack+FetchWithContext.h */ = {isa = PBXFileReference; fileEncoding = 4; lastKnownFileType = sourcecode.c.h; path = "AGTCoreDataStack+FetchWithContext.h"; sourceTree = "<group>"; };
		59AFD6AA1AE4F2FF004BEA6B /* AGTCoreDataStack+FetchWithContext.m */ = {isa = PBXFileReference; fileEncoding = 4; lastKnownFileType = sourcecode.c.objc; path = "AGTCoreDataStack+FetchWithContext.m"; sourceTree = "<group>"; };
		59AFD6E41AE5D63F004BEA6B /* FLGPdfViewController.h */ = {isa = PBXFileReference; fileEncoding = 4; lastKnownFileType = sourcecode.c.h; path = FLGPdfViewController.h; sourceTree = "<group>"; };
		59AFD6E51AE5D63F004BEA6B /* FLGPdfViewController.m */ = {isa = PBXFileReference; fileEncoding = 4; lastKnownFileType = sourcecode.c.objc; path = FLGPdfViewController.m; sourceTree = "<group>"; };
		59AFD6E61AE5D63F004BEA6B /* FLGPdfViewController.xib */ = {isa = PBXFileReference; fileEncoding = 4; lastKnownFileType = file.xib; path = FLGPdfViewController.xib; sourceTree = "<group>"; };
		59AFD6ED1AE5D856004BEA6B /* CGPDFDocument.h */ = {isa = PBXFileReference; fileEncoding = 4; lastKnownFileType = sourcecode.c.h; path = CGPDFDocument.h; sourceTree = "<group>"; };
		59AFD6EE1AE5D856004BEA6B /* CGPDFDocument.m */ = {isa = PBXFileReference; fileEncoding = 4; lastKnownFileType = sourcecode.c.objc; path = CGPDFDocument.m; sourceTree = "<group>"; };
		59AFD6EF1AE5D856004BEA6B /* ReaderConstants.h */ = {isa = PBXFileReference; fileEncoding = 4; lastKnownFileType = sourcecode.c.h; path = ReaderConstants.h; sourceTree = "<group>"; };
		59AFD6F01AE5D856004BEA6B /* ReaderConstants.m */ = {isa = PBXFileReference; fileEncoding = 4; lastKnownFileType = sourcecode.c.objc; path = ReaderConstants.m; sourceTree = "<group>"; };
		59AFD6F11AE5D856004BEA6B /* ReaderContentPage.h */ = {isa = PBXFileReference; fileEncoding = 4; lastKnownFileType = sourcecode.c.h; path = ReaderContentPage.h; sourceTree = "<group>"; };
		59AFD6F21AE5D856004BEA6B /* ReaderContentPage.m */ = {isa = PBXFileReference; fileEncoding = 4; lastKnownFileType = sourcecode.c.objc; path = ReaderContentPage.m; sourceTree = "<group>"; };
		59AFD6F31AE5D856004BEA6B /* ReaderContentTile.h */ = {isa = PBXFileReference; fileEncoding = 4; lastKnownFileType = sourcecode.c.h; path = ReaderContentTile.h; sourceTree = "<group>"; };
		59AFD6F41AE5D856004BEA6B /* ReaderContentTile.m */ = {isa = PBXFileReference; fileEncoding = 4; lastKnownFileType = sourcecode.c.objc; path = ReaderContentTile.m; sourceTree = "<group>"; };
		59AFD6F51AE5D856004BEA6B /* ReaderContentView.h */ = {isa = PBXFileReference; fileEncoding = 4; lastKnownFileType = sourcecode.c.h; path = ReaderContentView.h; sourceTree = "<group>"; };
		59AFD6F61AE5D856004BEA6B /* ReaderContentView.m */ = {isa = PBXFileReference; fileEncoding = 4; lastKnownFileType = sourcecode.c.objc; path = ReaderContentView.m; sourceTree = "<group>"; };
		59AFD6F71AE5D856004BEA6B /* ReaderDocument.h */ = {isa = PBXFileReference; fileEncoding = 4; lastKnownFileType = sourcecode.c.h; path = ReaderDocument.h; sourceTree = "<group>"; };
		59AFD6F81AE5D856004BEA6B /* ReaderDocument.m */ = {isa = PBXFileReference; fileEncoding = 4; lastKnownFileType = sourcecode.c.objc; path = ReaderDocument.m; sourceTree = "<group>"; };
		59AFD6F91AE5D856004BEA6B /* ReaderDocumentOutline.h */ = {isa = PBXFileReference; fileEncoding = 4; lastKnownFileType = sourcecode.c.h; path = ReaderDocumentOutline.h; sourceTree = "<group>"; };
		59AFD6FA1AE5D856004BEA6B /* ReaderDocumentOutline.m */ = {isa = PBXFileReference; fileEncoding = 4; lastKnownFileType = sourcecode.c.objc; path = ReaderDocumentOutline.m; sourceTree = "<group>"; };
		59AFD6FB1AE5D856004BEA6B /* ReaderMainPagebar.h */ = {isa = PBXFileReference; fileEncoding = 4; lastKnownFileType = sourcecode.c.h; path = ReaderMainPagebar.h; sourceTree = "<group>"; };
		59AFD6FC1AE5D856004BEA6B /* ReaderMainPagebar.m */ = {isa = PBXFileReference; fileEncoding = 4; lastKnownFileType = sourcecode.c.objc; path = ReaderMainPagebar.m; sourceTree = "<group>"; };
		59AFD6FD1AE5D856004BEA6B /* ReaderMainToolbar.h */ = {isa = PBXFileReference; fileEncoding = 4; lastKnownFileType = sourcecode.c.h; path = ReaderMainToolbar.h; sourceTree = "<group>"; };
		59AFD6FE1AE5D856004BEA6B /* ReaderMainToolbar.m */ = {isa = PBXFileReference; fileEncoding = 4; lastKnownFileType = sourcecode.c.objc; path = ReaderMainToolbar.m; sourceTree = "<group>"; };
		59AFD6FF1AE5D856004BEA6B /* ReaderThumbCache.h */ = {isa = PBXFileReference; fileEncoding = 4; lastKnownFileType = sourcecode.c.h; path = ReaderThumbCache.h; sourceTree = "<group>"; };
		59AFD7001AE5D856004BEA6B /* ReaderThumbCache.m */ = {isa = PBXFileReference; fileEncoding = 4; lastKnownFileType = sourcecode.c.objc; path = ReaderThumbCache.m; sourceTree = "<group>"; };
		59AFD7011AE5D856004BEA6B /* ReaderThumbFetch.h */ = {isa = PBXFileReference; fileEncoding = 4; lastKnownFileType = sourcecode.c.h; path = ReaderThumbFetch.h; sourceTree = "<group>"; };
		59AFD7021AE5D856004BEA6B /* ReaderThumbFetch.m */ = {isa = PBXFileReference; fileEncoding = 4; lastKnownFileType = sourcecode.c.objc; path = ReaderThumbFetch.m; sourceTree = "<group>"; };
		59AFD7031AE5D856004BEA6B /* ReaderThumbQueue.h */ = {isa = PBXFileReference; fileEncoding = 4; lastKnownFileType = sourcecode.c.h; path = ReaderThumbQueue.h; sourceTree = "<group>"; };
		59AFD7041AE5D856004BEA6B /* ReaderThumbQueue.m */ = {isa = PBXFileReference; fileEncoding = 4; lastKnownFileType = sourcecode.c.objc; path = ReaderThumbQueue.m; sourceTree = "<group>"; };
		59AFD7051AE5D856004BEA6B /* ReaderThumbRender.h */ = {isa = PBXFileReference; fileEncoding = 4; lastKnownFileType = sourcecode.c.h; path = ReaderThumbRender.h; sourceTree = "<group>"; };
		59AFD7061AE5D856004BEA6B /* ReaderThumbRender.m */ = {isa = PBXFileReference; fileEncoding = 4; lastKnownFileType = sourcecode.c.objc; path = ReaderThumbRender.m; sourceTree = "<group>"; };
		59AFD7071AE5D856004BEA6B /* ReaderThumbRequest.h */ = {isa = PBXFileReference; fileEncoding = 4; lastKnownFileType = sourcecode.c.h; path = ReaderThumbRequest.h; sourceTree = "<group>"; };
		59AFD7081AE5D856004BEA6B /* ReaderThumbRequest.m */ = {isa = PBXFileReference; fileEncoding = 4; lastKnownFileType = sourcecode.c.objc; path = ReaderThumbRequest.m; sourceTree = "<group>"; };
		59AFD7091AE5D856004BEA6B /* ReaderThumbsView.h */ = {isa = PBXFileReference; fileEncoding = 4; lastKnownFileType = sourcecode.c.h; path = ReaderThumbsView.h; sourceTree = "<group>"; };
		59AFD70A1AE5D856004BEA6B /* ReaderThumbsView.m */ = {isa = PBXFileReference; fileEncoding = 4; lastKnownFileType = sourcecode.c.objc; path = ReaderThumbsView.m; sourceTree = "<group>"; };
		59AFD70B1AE5D856004BEA6B /* ReaderThumbView.h */ = {isa = PBXFileReference; fileEncoding = 4; lastKnownFileType = sourcecode.c.h; path = ReaderThumbView.h; sourceTree = "<group>"; };
		59AFD70C1AE5D856004BEA6B /* ReaderThumbView.m */ = {isa = PBXFileReference; fileEncoding = 4; lastKnownFileType = sourcecode.c.objc; path = ReaderThumbView.m; sourceTree = "<group>"; };
		59AFD70D1AE5D856004BEA6B /* ReaderViewController.h */ = {isa = PBXFileReference; fileEncoding = 4; lastKnownFileType = sourcecode.c.h; path = ReaderViewController.h; sourceTree = "<group>"; };
		59AFD70E1AE5D856004BEA6B /* ReaderViewController.m */ = {isa = PBXFileReference; fileEncoding = 4; lastKnownFileType = sourcecode.c.objc; path = ReaderViewController.m; sourceTree = "<group>"; };
		59AFD70F1AE5D856004BEA6B /* ThumbsMainToolbar.h */ = {isa = PBXFileReference; fileEncoding = 4; lastKnownFileType = sourcecode.c.h; path = ThumbsMainToolbar.h; sourceTree = "<group>"; };
		59AFD7101AE5D856004BEA6B /* ThumbsMainToolbar.m */ = {isa = PBXFileReference; fileEncoding = 4; lastKnownFileType = sourcecode.c.objc; path = ThumbsMainToolbar.m; sourceTree = "<group>"; };
		59AFD7111AE5D856004BEA6B /* ThumbsViewController.h */ = {isa = PBXFileReference; fileEncoding = 4; lastKnownFileType = sourcecode.c.h; path = ThumbsViewController.h; sourceTree = "<group>"; };
		59AFD7121AE5D856004BEA6B /* ThumbsViewController.m */ = {isa = PBXFileReference; fileEncoding = 4; lastKnownFileType = sourcecode.c.objc; path = ThumbsViewController.m; sourceTree = "<group>"; };
		59AFD7131AE5D856004BEA6B /* UIXToolbarView.h */ = {isa = PBXFileReference; fileEncoding = 4; lastKnownFileType = sourcecode.c.h; path = UIXToolbarView.h; sourceTree = "<group>"; };
		59AFD7141AE5D856004BEA6B /* UIXToolbarView.m */ = {isa = PBXFileReference; fileEncoding = 4; lastKnownFileType = sourcecode.c.objc; path = UIXToolbarView.m; sourceTree = "<group>"; };
		59D6DBE11AE9B92400F33A5E /* FLGAnnotationsTableViewController.h */ = {isa = PBXFileReference; fileEncoding = 4; lastKnownFileType = sourcecode.c.h; path = FLGAnnotationsTableViewController.h; sourceTree = "<group>"; };
		59D6DBE21AE9B92400F33A5E /* FLGAnnotationsTableViewController.m */ = {isa = PBXFileReference; fileEncoding = 4; lastKnownFileType = sourcecode.c.objc; path = FLGAnnotationsTableViewController.m; sourceTree = "<group>"; };
		59DA36C01AE08C1000A7E12E /* FLGSplashViewController.h */ = {isa = PBXFileReference; fileEncoding = 4; lastKnownFileType = sourcecode.c.h; path = FLGSplashViewController.h; sourceTree = "<group>"; };
		59DA36C11AE08C1000A7E12E /* FLGSplashViewController.m */ = {isa = PBXFileReference; fileEncoding = 4; lastKnownFileType = sourcecode.c.objc; path = FLGSplashViewController.m; sourceTree = "<group>"; };
		59DA36C21AE08C1000A7E12E /* FLGSplashViewController.xib */ = {isa = PBXFileReference; fileEncoding = 4; lastKnownFileType = file.xib; path = FLGSplashViewController.xib; sourceTree = "<group>"; };
		59DA36C51AE08D4C00A7E12E /* book.png */ = {isa = PBXFileReference; lastKnownFileType = image.png; path = book.png; sourceTree = "<group>"; };
		59DF204F1ADDCF1000556DA2 /* AGTCoreDataStack.h */ = {isa = PBXFileReference; fileEncoding = 4; lastKnownFileType = sourcecode.c.h; path = AGTCoreDataStack.h; sourceTree = "<group>"; };
		59DF20501ADDCF1000556DA2 /* AGTCoreDataStack.m */ = {isa = PBXFileReference; fileEncoding = 4; lastKnownFileType = sourcecode.c.objc; path = AGTCoreDataStack.m; sourceTree = "<group>"; };
		59DF20531ADDD36500556DA2 /* FLGConstants.h */ = {isa = PBXFileReference; fileEncoding = 4; lastKnownFileType = sourcecode.c.h; path = FLGConstants.h; sourceTree = "<group>"; };
		59DF20671ADEBB1000556DA2 /* AGTCoreDataTableViewController.h */ = {isa = PBXFileReference; fileEncoding = 4; lastKnownFileType = sourcecode.c.h; path = AGTCoreDataTableViewController.h; sourceTree = "<group>"; };
		59DF20681ADEBB1000556DA2 /* AGTCoreDataTableViewController.m */ = {isa = PBXFileReference; fileEncoding = 4; lastKnownFileType = sourcecode.c.objc; path = AGTCoreDataTableViewController.m; sourceTree = "<group>"; };
		59DF206E1ADEBB8E00556DA2 /* UIViewController+Navigation.h */ = {isa = PBXFileReference; fileEncoding = 4; lastKnownFileType = sourcecode.c.h; path = "UIViewController+Navigation.h"; sourceTree = "<group>"; };
		59DF206F1ADEBB8E00556DA2 /* UIViewController+Navigation.m */ = {isa = PBXFileReference; fileEncoding = 4; lastKnownFileType = sourcecode.c.objc; path = "UIViewController+Navigation.m"; sourceTree = "<group>"; };
		59DF20711ADF1DB800556DA2 /* FLGLibraryTableViewController.h */ = {isa = PBXFileReference; fileEncoding = 4; lastKnownFileType = sourcecode.c.h; path = FLGLibraryTableViewController.h; sourceTree = "<group>"; };
		59DF20721ADF1DB800556DA2 /* FLGLibraryTableViewController.m */ = {isa = PBXFileReference; fileEncoding = 4; lastKnownFileType = sourcecode.c.objc; path = FLGLibraryTableViewController.m; sourceTree = "<group>"; };
		59DF20751ADF237400556DA2 /* no_image.png */ = {isa = PBXFileReference; lastKnownFileType = image.png; path = no_image.png; sourceTree = "<group>"; };
		59DF20771ADF24D300556DA2 /* FLGBookTableViewCell.h */ = {isa = PBXFileReference; fileEncoding = 4; lastKnownFileType = sourcecode.c.h; path = FLGBookTableViewCell.h; sourceTree = "<group>"; };
		59DF20781ADF24D300556DA2 /* FLGBookTableViewCell.m */ = {isa = PBXFileReference; fileEncoding = 4; lastKnownFileType = sourcecode.c.objc; path = FLGBookTableViewCell.m; sourceTree = "<group>"; };
		59DF20791ADF24D300556DA2 /* FLGBookTableViewCell.xib */ = {isa = PBXFileReference; fileEncoding = 4; lastKnownFileType = file.xib; path = FLGBookTableViewCell.xib; sourceTree = "<group>"; };
		59DF207D1ADF299D00556DA2 /* favourite_icon_off.png */ = {isa = PBXFileReference; lastKnownFileType = image.png; path = favourite_icon_off.png; sourceTree = "<group>"; };
		59DF207E1ADF299D00556DA2 /* favourite_icon_on.png */ = {isa = PBXFileReference; lastKnownFileType = image.png; path = favourite_icon_on.png; sourceTree = "<group>"; };
		59DF207F1ADF299D00556DA2 /* favourite_off.png */ = {isa = PBXFileReference; lastKnownFileType = image.png; path = favourite_off.png; sourceTree = "<group>"; };
		59DF20801ADF299D00556DA2 /* favourite_on.png */ = {isa = PBXFileReference; lastKnownFileType = image.png; path = favourite_on.png; sourceTree = "<group>"; };
		59DF20811ADF299D00556DA2 /* open_pdf.png */ = {isa = PBXFileReference; lastKnownFileType = image.png; path = open_pdf.png; sourceTree = "<group>"; };
		59DF20821ADF299D00556DA2 /* open_pdf@2x.png */ = {isa = PBXFileReference; lastKnownFileType = image.png; path = "open_pdf@2x.png"; sourceTree = "<group>"; };
		59DF20831ADF299D00556DA2 /* saved_icon.png */ = {isa = PBXFileReference; lastKnownFileType = image.png; path = saved_icon.png; sourceTree = "<group>"; };
		59DF20841ADF299D00556DA2 /* saved_on.png */ = {isa = PBXFileReference; lastKnownFileType = image.png; path = saved_on.png; sourceTree = "<group>"; };
		59DF208D1ADFFCC900556DA2 /* FLGBookViewController.h */ = {isa = PBXFileReference; fileEncoding = 4; lastKnownFileType = sourcecode.c.h; path = FLGBookViewController.h; sourceTree = "<group>"; };
		59DF208E1ADFFCC900556DA2 /* FLGBookViewController.m */ = {isa = PBXFileReference; fileEncoding = 4; lastKnownFileType = sourcecode.c.objc; path = FLGBookViewController.m; sourceTree = "<group>"; };
		59DF208F1ADFFCC900556DA2 /* FLGBookViewController.xib */ = {isa = PBXFileReference; fileEncoding = 4; lastKnownFileType = file.xib; path = FLGBookViewController.xib; sourceTree = "<group>"; };
		59DF20D51AE00D9900556DA2 /* FLGBookViewController~iphone.xib */ = {isa = PBXFileReference; fileEncoding = 4; lastKnownFileType = file.xib; path = "FLGBookViewController~iphone.xib"; sourceTree = "<group>"; };
		59E040141ADC2781007EF337 /* HackerBooksAdvanced.app */ = {isa = PBXFileReference; explicitFileType = wrapper.application; includeInIndex = 0; path = HackerBooksAdvanced.app; sourceTree = BUILT_PRODUCTS_DIR; };
		59E040181ADC2781007EF337 /* Info.plist */ = {isa = PBXFileReference; lastKnownFileType = text.plist.xml; path = Info.plist; sourceTree = "<group>"; };
		59E040191ADC2781007EF337 /* main.m */ = {isa = PBXFileReference; lastKnownFileType = sourcecode.c.objc; path = main.m; sourceTree = "<group>"; };
		59E0401B1ADC2782007EF337 /* AppDelegate.h */ = {isa = PBXFileReference; lastKnownFileType = sourcecode.c.h; path = AppDelegate.h; sourceTree = "<group>"; };
		59E0401C1ADC2782007EF337 /* AppDelegate.m */ = {isa = PBXFileReference; lastKnownFileType = sourcecode.c.objc; path = AppDelegate.m; sourceTree = "<group>"; };
		59E0401E1ADC2782007EF337 /* Images.xcassets */ = {isa = PBXFileReference; lastKnownFileType = folder.assetcatalog; path = Images.xcassets; sourceTree = "<group>"; };
		59E040211ADC2782007EF337 /* Base */ = {isa = PBXFileReference; lastKnownFileType = file.xib; name = Base; path = Base.lproj/LaunchScreen.xib; sourceTree = "<group>"; };
		59E040271ADC2782007EF337 /* HackerBooksAdvancedTests.xctest */ = {isa = PBXFileReference; explicitFileType = wrapper.cfbundle; includeInIndex = 0; path = HackerBooksAdvancedTests.xctest; sourceTree = BUILT_PRODUCTS_DIR; };
		59E0402C1ADC2782007EF337 /* Info.plist */ = {isa = PBXFileReference; lastKnownFileType = text.plist.xml; path = Info.plist; sourceTree = "<group>"; };
		59E0402D1ADC2782007EF337 /* HackerBooksAdvancedTests.m */ = {isa = PBXFileReference; lastKnownFileType = sourcecode.c.objc; path = HackerBooksAdvancedTests.m; sourceTree = "<group>"; };
		59E040391ADC29F6007EF337 /* Model.xcdatamodel */ = {isa = PBXFileReference; lastKnownFileType = wrapper.xcdatamodel; path = Model.xcdatamodel; sourceTree = "<group>"; };
		59E0403B1ADC3093007EF337 /* _FLGAnnotation.h */ = {isa = PBXFileReference; fileEncoding = 4; lastKnownFileType = sourcecode.c.h; path = _FLGAnnotation.h; sourceTree = "<group>"; };
		59E0403C1ADC3093007EF337 /* _FLGAnnotation.m */ = {isa = PBXFileReference; fileEncoding = 4; lastKnownFileType = sourcecode.c.objc; path = _FLGAnnotation.m; sourceTree = "<group>"; };
		59E0403D1ADC3093007EF337 /* _FLGAuthor.h */ = {isa = PBXFileReference; fileEncoding = 4; lastKnownFileType = sourcecode.c.h; path = _FLGAuthor.h; sourceTree = "<group>"; };
		59E0403E1ADC3093007EF337 /* _FLGAuthor.m */ = {isa = PBXFileReference; fileEncoding = 4; lastKnownFileType = sourcecode.c.objc; path = _FLGAuthor.m; sourceTree = "<group>"; };
		59E0403F1ADC3093007EF337 /* _FLGBook.h */ = {isa = PBXFileReference; fileEncoding = 4; lastKnownFileType = sourcecode.c.h; path = _FLGBook.h; sourceTree = "<group>"; };
		59E040401ADC3093007EF337 /* _FLGBook.m */ = {isa = PBXFileReference; fileEncoding = 4; lastKnownFileType = sourcecode.c.objc; path = _FLGBook.m; sourceTree = "<group>"; };
		59E040411ADC3093007EF337 /* _FLGCover.h */ = {isa = PBXFileReference; fileEncoding = 4; lastKnownFileType = sourcecode.c.h; path = _FLGCover.h; sourceTree = "<group>"; };
		59E040421ADC3093007EF337 /* _FLGCover.m */ = {isa = PBXFileReference; fileEncoding = 4; lastKnownFileType = sourcecode.c.objc; path = _FLGCover.m; sourceTree = "<group>"; };
		59E040431ADC3093007EF337 /* _FLGLocation.h */ = {isa = PBXFileReference; fileEncoding = 4; lastKnownFileType = sourcecode.c.h; path = _FLGLocation.h; sourceTree = "<group>"; };
		59E040441ADC3093007EF337 /* _FLGLocation.m */ = {isa = PBXFileReference; fileEncoding = 4; lastKnownFileType = sourcecode.c.objc; path = _FLGLocation.m; sourceTree = "<group>"; };
		59E040451ADC3093007EF337 /* _FLGPdf.h */ = {isa = PBXFileReference; fileEncoding = 4; lastKnownFileType = sourcecode.c.h; path = _FLGPdf.h; sourceTree = "<group>"; };
		59E040461ADC3093007EF337 /* _FLGPdf.m */ = {isa = PBXFileReference; fileEncoding = 4; lastKnownFileType = sourcecode.c.objc; path = _FLGPdf.m; sourceTree = "<group>"; };
		59E040471ADC3093007EF337 /* _FLGPhoto.h */ = {isa = PBXFileReference; fileEncoding = 4; lastKnownFileType = sourcecode.c.h; path = _FLGPhoto.h; sourceTree = "<group>"; };
		59E040481ADC3093007EF337 /* _FLGPhoto.m */ = {isa = PBXFileReference; fileEncoding = 4; lastKnownFileType = sourcecode.c.objc; path = _FLGPhoto.m; sourceTree = "<group>"; };
		59E040491ADC3093007EF337 /* _FLGTag.h */ = {isa = PBXFileReference; fileEncoding = 4; lastKnownFileType = sourcecode.c.h; path = _FLGTag.h; sourceTree = "<group>"; };
		59E0404A1ADC3093007EF337 /* _FLGTag.m */ = {isa = PBXFileReference; fileEncoding = 4; lastKnownFileType = sourcecode.c.objc; path = _FLGTag.m; sourceTree = "<group>"; };
		59E040541ADC30AF007EF337 /* FLGAnnotation.h */ = {isa = PBXFileReference; fileEncoding = 4; lastKnownFileType = sourcecode.c.h; path = FLGAnnotation.h; sourceTree = "<group>"; };
		59E040551ADC30AF007EF337 /* FLGAnnotation.m */ = {isa = PBXFileReference; fileEncoding = 4; lastKnownFileType = sourcecode.c.objc; path = FLGAnnotation.m; sourceTree = "<group>"; };
		59E040561ADC30AF007EF337 /* FLGAuthor.h */ = {isa = PBXFileReference; fileEncoding = 4; lastKnownFileType = sourcecode.c.h; path = FLGAuthor.h; sourceTree = "<group>"; };
		59E040571ADC30AF007EF337 /* FLGAuthor.m */ = {isa = PBXFileReference; fileEncoding = 4; lastKnownFileType = sourcecode.c.objc; path = FLGAuthor.m; sourceTree = "<group>"; };
		59E040581ADC30AF007EF337 /* FLGBook.h */ = {isa = PBXFileReference; fileEncoding = 4; lastKnownFileType = sourcecode.c.h; path = FLGBook.h; sourceTree = "<group>"; };
		59E040591ADC30AF007EF337 /* FLGBook.m */ = {isa = PBXFileReference; fileEncoding = 4; lastKnownFileType = sourcecode.c.objc; path = FLGBook.m; sourceTree = "<group>"; };
		59E0405A1ADC30AF007EF337 /* FLGCover.h */ = {isa = PBXFileReference; fileEncoding = 4; lastKnownFileType = sourcecode.c.h; path = FLGCover.h; sourceTree = "<group>"; };
		59E0405B1ADC30AF007EF337 /* FLGCover.m */ = {isa = PBXFileReference; fileEncoding = 4; lastKnownFileType = sourcecode.c.objc; path = FLGCover.m; sourceTree = "<group>"; };
		59E0405C1ADC30AF007EF337 /* FLGLocation.h */ = {isa = PBXFileReference; fileEncoding = 4; lastKnownFileType = sourcecode.c.h; path = FLGLocation.h; sourceTree = "<group>"; };
		59E0405D1ADC30AF007EF337 /* FLGLocation.m */ = {isa = PBXFileReference; fileEncoding = 4; lastKnownFileType = sourcecode.c.objc; path = FLGLocation.m; sourceTree = "<group>"; };
		59E0405E1ADC30AF007EF337 /* FLGPdf.h */ = {isa = PBXFileReference; fileEncoding = 4; lastKnownFileType = sourcecode.c.h; path = FLGPdf.h; sourceTree = "<group>"; };
		59E0405F1ADC30AF007EF337 /* FLGPdf.m */ = {isa = PBXFileReference; fileEncoding = 4; lastKnownFileType = sourcecode.c.objc; path = FLGPdf.m; sourceTree = "<group>"; };
		59E040601ADC30AF007EF337 /* FLGPhoto.h */ = {isa = PBXFileReference; fileEncoding = 4; lastKnownFileType = sourcecode.c.h; path = FLGPhoto.h; sourceTree = "<group>"; };
		59E040611ADC30AF007EF337 /* FLGPhoto.m */ = {isa = PBXFileReference; fileEncoding = 4; lastKnownFileType = sourcecode.c.objc; path = FLGPhoto.m; sourceTree = "<group>"; };
		59E040621ADC30AF007EF337 /* FLGTag.h */ = {isa = PBXFileReference; fileEncoding = 4; lastKnownFileType = sourcecode.c.h; path = FLGTag.h; sourceTree = "<group>"; };
		59E040631ADC30AF007EF337 /* FLGTag.m */ = {isa = PBXFileReference; fileEncoding = 4; lastKnownFileType = sourcecode.c.objc; path = FLGTag.m; sourceTree = "<group>"; };
/* End PBXFileReference section */

/* Begin PBXFrameworksBuildPhase section */
		59E040111ADC2781007EF337 /* Frameworks */ = {
			isa = PBXFrameworksBuildPhase;
			buildActionMask = 2147483647;
			files = (
			);
			runOnlyForDeploymentPostprocessing = 0;
		};
		59E040241ADC2782007EF337 /* Frameworks */ = {
			isa = PBXFrameworksBuildPhase;
			buildActionMask = 2147483647;
			files = (
			);
			runOnlyForDeploymentPostprocessing = 0;
		};
/* End PBXFrameworksBuildPhase section */

/* Begin PBXGroup section */
		59AFD6EC1AE5D856004BEA6B /* Sources */ = {
			isa = PBXGroup;
			children = (
				59AFD6ED1AE5D856004BEA6B /* CGPDFDocument.h */,
				59AFD6EE1AE5D856004BEA6B /* CGPDFDocument.m */,
				59AFD6EF1AE5D856004BEA6B /* ReaderConstants.h */,
				59AFD6F01AE5D856004BEA6B /* ReaderConstants.m */,
				59AFD6F11AE5D856004BEA6B /* ReaderContentPage.h */,
				59AFD6F21AE5D856004BEA6B /* ReaderContentPage.m */,
				59AFD6F31AE5D856004BEA6B /* ReaderContentTile.h */,
				59AFD6F41AE5D856004BEA6B /* ReaderContentTile.m */,
				59AFD6F51AE5D856004BEA6B /* ReaderContentView.h */,
				59AFD6F61AE5D856004BEA6B /* ReaderContentView.m */,
				59AFD6F71AE5D856004BEA6B /* ReaderDocument.h */,
				59AFD6F81AE5D856004BEA6B /* ReaderDocument.m */,
				59AFD6F91AE5D856004BEA6B /* ReaderDocumentOutline.h */,
				59AFD6FA1AE5D856004BEA6B /* ReaderDocumentOutline.m */,
				59AFD6FB1AE5D856004BEA6B /* ReaderMainPagebar.h */,
				59AFD6FC1AE5D856004BEA6B /* ReaderMainPagebar.m */,
				59AFD6FD1AE5D856004BEA6B /* ReaderMainToolbar.h */,
				59AFD6FE1AE5D856004BEA6B /* ReaderMainToolbar.m */,
				59AFD6FF1AE5D856004BEA6B /* ReaderThumbCache.h */,
				59AFD7001AE5D856004BEA6B /* ReaderThumbCache.m */,
				59AFD7011AE5D856004BEA6B /* ReaderThumbFetch.h */,
				59AFD7021AE5D856004BEA6B /* ReaderThumbFetch.m */,
				59AFD7031AE5D856004BEA6B /* ReaderThumbQueue.h */,
				59AFD7041AE5D856004BEA6B /* ReaderThumbQueue.m */,
				59AFD7051AE5D856004BEA6B /* ReaderThumbRender.h */,
				59AFD7061AE5D856004BEA6B /* ReaderThumbRender.m */,
				59AFD7071AE5D856004BEA6B /* ReaderThumbRequest.h */,
				59AFD7081AE5D856004BEA6B /* ReaderThumbRequest.m */,
				59AFD7091AE5D856004BEA6B /* ReaderThumbsView.h */,
				59AFD70A1AE5D856004BEA6B /* ReaderThumbsView.m */,
				59AFD70B1AE5D856004BEA6B /* ReaderThumbView.h */,
				59AFD70C1AE5D856004BEA6B /* ReaderThumbView.m */,
				59AFD70D1AE5D856004BEA6B /* ReaderViewController.h */,
				59AFD70E1AE5D856004BEA6B /* ReaderViewController.m */,
				59AFD70F1AE5D856004BEA6B /* ThumbsMainToolbar.h */,
				59AFD7101AE5D856004BEA6B /* ThumbsMainToolbar.m */,
				59AFD7111AE5D856004BEA6B /* ThumbsViewController.h */,
				59AFD7121AE5D856004BEA6B /* ThumbsViewController.m */,
				59AFD7131AE5D856004BEA6B /* UIXToolbarView.h */,
				59AFD7141AE5D856004BEA6B /* UIXToolbarView.m */,
			);
			path = Sources;
			sourceTree = "<group>";
		};
		59DF20521ADDCF1500556DA2 /* Core Data Stack */ = {
			isa = PBXGroup;
			children = (
				59DF204F1ADDCF1000556DA2 /* AGTCoreDataStack.h */,
				59DF20501ADDCF1000556DA2 /* AGTCoreDataStack.m */,
			);
			name = "Core Data Stack";
			sourceTree = "<group>";
		};
		59DF20541ADDD36A00556DA2 /* Settings */ = {
			isa = PBXGroup;
			children = (
				59DF20531ADDD36500556DA2 /* FLGConstants.h */,
			);
			name = Settings;
			sourceTree = "<group>";
		};
		59DF20661ADEBAF100556DA2 /* Controllers */ = {
			isa = PBXGroup;
			children = (
				59DA36C01AE08C1000A7E12E /* FLGSplashViewController.h */,
				59DA36C11AE08C1000A7E12E /* FLGSplashViewController.m */,
				59DA36C21AE08C1000A7E12E /* FLGSplashViewController.xib */,
				59DF20671ADEBB1000556DA2 /* AGTCoreDataTableViewController.h */,
				59DF20681ADEBB1000556DA2 /* AGTCoreDataTableViewController.m */,
				59DF20711ADF1DB800556DA2 /* FLGLibraryTableViewController.h */,
				59DF20721ADF1DB800556DA2 /* FLGLibraryTableViewController.m */,
				59DF208D1ADFFCC900556DA2 /* FLGBookViewController.h */,
				59DF208E1ADFFCC900556DA2 /* FLGBookViewController.m */,
				59DF208F1ADFFCC900556DA2 /* FLGBookViewController.xib */,
				59DF20D51AE00D9900556DA2 /* FLGBookViewController~iphone.xib */,
				59AFD6E41AE5D63F004BEA6B /* FLGPdfViewController.h */,
				59AFD6E51AE5D63F004BEA6B /* FLGPdfViewController.m */,
				59AFD6E61AE5D63F004BEA6B /* FLGPdfViewController.xib */,
				59D6DBE11AE9B92400F33A5E /* FLGAnnotationsTableViewController.h */,
				59D6DBE21AE9B92400F33A5E /* FLGAnnotationsTableViewController.m */,
				591820A81AE7365400032809 /* FLGAnnotationViewController.h */,
				591820A91AE7365400032809 /* FLGAnnotationViewController.m */,
				591820AD1AE7397000032809 /* FLGAnnotationViewController.xib */,
				591820AA1AE7365400032809 /* FLGAnnotationViewController~iphone.xib */,
				591820AF1AE73A7E00032809 /* FLGPhotoViewController.h */,
				591820B01AE73A7E00032809 /* FLGPhotoViewController.m */,
				591820B11AE73A7E00032809 /* FLGPhotoViewController.xib */,
				5918209F1AE72E0B00032809 /* AGTCoreDataCollectionViewController.h */,
				591820A01AE72E0B00032809 /* AGTCoreDataCollectionViewController.m */,
			);
			name = Controllers;
			sourceTree = "<group>";
		};
		59DF206D1ADEBB8700556DA2 /* Categories */ = {
			isa = PBXGroup;
			children = (
				59DF206E1ADEBB8E00556DA2 /* UIViewController+Navigation.h */,
				59DF206F1ADEBB8E00556DA2 /* UIViewController+Navigation.m */,
				59AFD6A91AE4F2FF004BEA6B /* AGTCoreDataStack+FetchWithContext.h */,
				59AFD6AA1AE4F2FF004BEA6B /* AGTCoreDataStack+FetchWithContext.m */,
			);
			name = Categories;
			sourceTree = "<group>";
		};
		59DF20741ADF237400556DA2 /* Recursos */ = {
			isa = PBXGroup;
			children = (
				5972384F1AE82EBD001377BC /* album.png */,
				597238501AE82EBD001377BC /* album@2x.png */,
				597238511AE82EBD001377BC /* album@3x.png */,
				597238521AE82EBD001377BC /* roll.png */,
				597238531AE82EBD001377BC /* roll@2x.png */,
				597238541AE82EBD001377BC /* roll@3x.png */,
				59DA36C51AE08D4C00A7E12E /* book.png */,
				59DF20751ADF237400556DA2 /* no_image.png */,
				59DF207D1ADF299D00556DA2 /* favourite_icon_off.png */,
				59DF207E1ADF299D00556DA2 /* favourite_icon_on.png */,
				59DF207F1ADF299D00556DA2 /* favourite_off.png */,
				59DF20801ADF299D00556DA2 /* favourite_on.png */,
				59DF20811ADF299D00556DA2 /* open_pdf.png */,
				59DF20821ADF299D00556DA2 /* open_pdf@2x.png */,
				59DF20831ADF299D00556DA2 /* saved_icon.png */,
				59DF20841ADF299D00556DA2 /* saved_on.png */,
			);
			path = Recursos;
			sourceTree = "<group>";
		};
		59DF207C1ADF24D800556DA2 /* Views */ = {
			isa = PBXGroup;
			children = (
				59DF20771ADF24D300556DA2 /* FLGBookTableViewCell.h */,
				59DF20781ADF24D300556DA2 /* FLGBookTableViewCell.m */,
				59DF20791ADF24D300556DA2 /* FLGBookTableViewCell.xib */,
				597238911AE85F4E001377BC /* FLGAnnotationTableViewCell.h */,
				597238921AE85F4E001377BC /* FLGAnnotationTableViewCell.m */,
				597238931AE85F4E001377BC /* FLGAnnotationTableViewCell.xib */,
			);
			name = Views;
			sourceTree = "<group>";
		};
		59E0400B1ADC2781007EF337 = {
			isa = PBXGroup;
			children = (
				59E040161ADC2781007EF337 /* HackerBooksAdvanced */,
				59E0402A1ADC2782007EF337 /* HackerBooksAdvancedTests */,
				59E040151ADC2781007EF337 /* Products */,
			);
			sourceTree = "<group>";
		};
		59E040151ADC2781007EF337 /* Products */ = {
			isa = PBXGroup;
			children = (
				59E040141ADC2781007EF337 /* HackerBooksAdvanced.app */,
				59E040271ADC2782007EF337 /* HackerBooksAdvancedTests.xctest */,
			);
			name = Products;
			sourceTree = "<group>";
		};
		59E040161ADC2781007EF337 /* HackerBooksAdvanced */ = {
			isa = PBXGroup;
			children = (
				59E0401B1ADC2782007EF337 /* AppDelegate.h */,
				59E0401C1ADC2782007EF337 /* AppDelegate.m */,
				59DF20541ADDD36A00556DA2 /* Settings */,
				59DF206D1ADEBB8700556DA2 /* Categories */,
				59DF20661ADEBAF100556DA2 /* Controllers */,
				59DF207C1ADF24D800556DA2 /* Views */,
				59E040371ADC29E4007EF337 /* Model */,
				59DF20741ADF237400556DA2 /* Recursos */,
				59AFD6EC1AE5D856004BEA6B /* Sources */,
				59E0401E1ADC2782007EF337 /* Images.xcassets */,
				59E040201ADC2782007EF337 /* LaunchScreen.xib */,
				59E040171ADC2781007EF337 /* Supporting Files */,
			);
			path = HackerBooksAdvanced;
			sourceTree = "<group>";
		};
		59E040171ADC2781007EF337 /* Supporting Files */ = {
			isa = PBXGroup;
			children = (
				59E040181ADC2781007EF337 /* Info.plist */,
				59E040191ADC2781007EF337 /* main.m */,
			);
			name = "Supporting Files";
			sourceTree = "<group>";
		};
		59E0402A1ADC2782007EF337 /* HackerBooksAdvancedTests */ = {
			isa = PBXGroup;
			children = (
				59E0402D1ADC2782007EF337 /* HackerBooksAdvancedTests.m */,
				59E0402B1ADC2782007EF337 /* Supporting Files */,
			);
			path = HackerBooksAdvancedTests;
			sourceTree = "<group>";
		};
		59E0402B1ADC2782007EF337 /* Supporting Files */ = {
			isa = PBXGroup;
			children = (
				59E0402C1ADC2782007EF337 /* Info.plist */,
			);
			name = "Supporting Files";
			sourceTree = "<group>";
		};
		59E040371ADC29E4007EF337 /* Model */ = {
			isa = PBXGroup;
			children = (
				59E040381ADC29F6007EF337 /* Model.xcdatamodeld */,
				59DF20521ADDCF1500556DA2 /* Core Data Stack */,
				59E040531ADC3099007EF337 /* Machine */,
				59E040541ADC30AF007EF337 /* FLGAnnotation.h */,
				59E040551ADC30AF007EF337 /* FLGAnnotation.m */,
				59E040561ADC30AF007EF337 /* FLGAuthor.h */,
				59E040571ADC30AF007EF337 /* FLGAuthor.m */,
				59E040581ADC30AF007EF337 /* FLGBook.h */,
				59E040591ADC30AF007EF337 /* FLGBook.m */,
				59E0405A1ADC30AF007EF337 /* FLGCover.h */,
				59E0405B1ADC30AF007EF337 /* FLGCover.m */,
				59E0405C1ADC30AF007EF337 /* FLGLocation.h */,
				59E0405D1ADC30AF007EF337 /* FLGLocation.m */,
				59E0405E1ADC30AF007EF337 /* FLGPdf.h */,
				59E0405F1ADC30AF007EF337 /* FLGPdf.m */,
				59E040601ADC30AF007EF337 /* FLGPhoto.h */,
				59E040611ADC30AF007EF337 /* FLGPhoto.m */,
				59E040621ADC30AF007EF337 /* FLGTag.h */,
				59E040631ADC30AF007EF337 /* FLGTag.m */,
				591820A51AE732F800032809 /* FLGHackerBooksBaseClass.h */,
				591820A61AE732F800032809 /* FLGHackerBooksBaseClass.m */,
			);
			name = Model;
			sourceTree = "<group>";
		};
		59E040531ADC3099007EF337 /* Machine */ = {
			isa = PBXGroup;
			children = (
				59E0403B1ADC3093007EF337 /* _FLGAnnotation.h */,
				59E0403C1ADC3093007EF337 /* _FLGAnnotation.m */,
				59E0403D1ADC3093007EF337 /* _FLGAuthor.h */,
				59E0403E1ADC3093007EF337 /* _FLGAuthor.m */,
				59E0403F1ADC3093007EF337 /* _FLGBook.h */,
				59E040401ADC3093007EF337 /* _FLGBook.m */,
				59E040411ADC3093007EF337 /* _FLGCover.h */,
				59E040421ADC3093007EF337 /* _FLGCover.m */,
				59E040431ADC3093007EF337 /* _FLGLocation.h */,
				59E040441ADC3093007EF337 /* _FLGLocation.m */,
				59E040451ADC3093007EF337 /* _FLGPdf.h */,
				59E040461ADC3093007EF337 /* _FLGPdf.m */,
				59E040471ADC3093007EF337 /* _FLGPhoto.h */,
				59E040481ADC3093007EF337 /* _FLGPhoto.m */,
				59E040491ADC3093007EF337 /* _FLGTag.h */,
				59E0404A1ADC3093007EF337 /* _FLGTag.m */,
			);
			name = Machine;
			sourceTree = "<group>";
		};
/* End PBXGroup section */

/* Begin PBXNativeTarget section */
		59E040131ADC2781007EF337 /* HackerBooksAdvanced */ = {
			isa = PBXNativeTarget;
			buildConfigurationList = 59E040311ADC2782007EF337 /* Build configuration list for PBXNativeTarget "HackerBooksAdvanced" */;
			buildPhases = (
				59E040101ADC2781007EF337 /* Sources */,
				59E040111ADC2781007EF337 /* Frameworks */,
				59E040121ADC2781007EF337 /* Resources */,
			);
			buildRules = (
			);
			dependencies = (
			);
			name = HackerBooksAdvanced;
			productName = HackerBooksAdvanced;
			productReference = 59E040141ADC2781007EF337 /* HackerBooksAdvanced.app */;
			productType = "com.apple.product-type.application";
		};
		59E040261ADC2782007EF337 /* HackerBooksAdvancedTests */ = {
			isa = PBXNativeTarget;
			buildConfigurationList = 59E040341ADC2782007EF337 /* Build configuration list for PBXNativeTarget "HackerBooksAdvancedTests" */;
			buildPhases = (
				59E040231ADC2782007EF337 /* Sources */,
				59E040241ADC2782007EF337 /* Frameworks */,
				59E040251ADC2782007EF337 /* Resources */,
			);
			buildRules = (
			);
			dependencies = (
				59E040291ADC2782007EF337 /* PBXTargetDependency */,
			);
			name = HackerBooksAdvancedTests;
			productName = HackerBooksAdvancedTests;
			productReference = 59E040271ADC2782007EF337 /* HackerBooksAdvancedTests.xctest */;
			productType = "com.apple.product-type.bundle.unit-test";
		};
/* End PBXNativeTarget section */

/* Begin PBXProject section */
		59E0400C1ADC2781007EF337 /* Project object */ = {
			isa = PBXProject;
			attributes = {
				LastUpgradeCheck = 0620;
				ORGANIZATIONNAME = FillinGAPPs;
				TargetAttributes = {
					59E040131ADC2781007EF337 = {
						CreatedOnToolsVersion = 6.2;
					};
					59E040261ADC2782007EF337 = {
						CreatedOnToolsVersion = 6.2;
						TestTargetID = 59E040131ADC2781007EF337;
					};
				};
			};
			buildConfigurationList = 59E0400F1ADC2781007EF337 /* Build configuration list for PBXProject "HackerBooksAdvanced" */;
			compatibilityVersion = "Xcode 3.2";
			developmentRegion = English;
			hasScannedForEncodings = 0;
			knownRegions = (
				en,
				Base,
			);
			mainGroup = 59E0400B1ADC2781007EF337;
			productRefGroup = 59E040151ADC2781007EF337 /* Products */;
			projectDirPath = "";
			projectRoot = "";
			targets = (
				59E040131ADC2781007EF337 /* HackerBooksAdvanced */,
				59E040261ADC2782007EF337 /* HackerBooksAdvancedTests */,
			);
		};
/* End PBXProject section */

/* Begin PBXResourcesBuildPhase section */
		59E040121ADC2781007EF337 /* Resources */ = {
			isa = PBXResourcesBuildPhase;
			buildActionMask = 2147483647;
			files = (
				59AFD6EA1AE5D63F004BEA6B /* FLGPdfViewController.xib in Resources */,
				59DF207B1ADF24D300556DA2 /* FLGBookTableViewCell.xib in Resources */,
				597238551AE82EBD001377BC /* album.png in Resources */,
				59DF20851ADF299D00556DA2 /* favourite_icon_off.png in Resources */,
				597238571AE82EBD001377BC /* album@3x.png in Resources */,
				59E040221ADC2782007EF337 /* LaunchScreen.xib in Resources */,
				59DF20911ADFFCC900556DA2 /* FLGBookViewController.xib in Resources */,
				59DF20861ADF299D00556DA2 /* favourite_icon_on.png in Resources */,
				59DF20881ADF299D00556DA2 /* favourite_on.png in Resources */,
				591820AE1AE7397000032809 /* FLGAnnotationViewController.xib in Resources */,
				59DA36C61AE08D4C00A7E12E /* book.png in Resources */,
				59DF20D61AE00D9900556DA2 /* FLGBookViewController~iphone.xib in Resources */,
				597238591AE82EBD001377BC /* roll@2x.png in Resources */,
				59DA36C41AE08C1000A7E12E /* FLGSplashViewController.xib in Resources */,
				59DF20871ADF299D00556DA2 /* favourite_off.png in Resources */,
				59DF208C1ADF299D00556DA2 /* saved_on.png in Resources */,
				591820B31AE73A7E00032809 /* FLGPhotoViewController.xib in Resources */,
				59DF20891ADF299D00556DA2 /* open_pdf.png in Resources */,
				59DF208A1ADF299D00556DA2 /* open_pdf@2x.png in Resources */,
				591820AC1AE7365400032809 /* FLGAnnotationViewController~iphone.xib in Resources */,
				597238951AE85F4E001377BC /* FLGAnnotationTableViewCell.xib in Resources */,
				5972385A1AE82EBD001377BC /* roll@3x.png in Resources */,
				597238561AE82EBD001377BC /* album@2x.png in Resources */,
				597238581AE82EBD001377BC /* roll.png in Resources */,
				59DF20761ADF237400556DA2 /* no_image.png in Resources */,
				59E0401F1ADC2782007EF337 /* Images.xcassets in Resources */,
				59DF208B1ADF299D00556DA2 /* saved_icon.png in Resources */,
			);
			runOnlyForDeploymentPostprocessing = 0;
		};
		59E040251ADC2782007EF337 /* Resources */ = {
			isa = PBXResourcesBuildPhase;
			buildActionMask = 2147483647;
			files = (
			);
			runOnlyForDeploymentPostprocessing = 0;
		};
/* End PBXResourcesBuildPhase section */

/* Begin PBXSourcesBuildPhase section */
		59E040101ADC2781007EF337 /* Sources */ = {
			isa = PBXSourcesBuildPhase;
			buildActionMask = 2147483647;
			files = (
				59DF207A1ADF24D300556DA2 /* FLGBookTableViewCell.m in Sources */,
				59AFD71B1AE5D856004BEA6B /* ReaderDocumentOutline.m in Sources */,
				59AFD7251AE5D856004BEA6B /* ReaderViewController.m in Sources */,
				59E0401D1ADC2782007EF337 /* AppDelegate.m in Sources */,
				59D6DBE31AE9B92400F33A5E /* FLGAnnotationsTableViewController.m in Sources */,
				59E0404E1ADC3093007EF337 /* _FLGCover.m in Sources */,
				59AFD7241AE5D856004BEA6B /* ReaderThumbView.m in Sources */,
				591820A71AE732F800032809 /* FLGHackerBooksBaseClass.m in Sources */,
				59DF20691ADEBB1000556DA2 /* AGTCoreDataTableViewController.m in Sources */,
				59DF20731ADF1DB800556DA2 /* FLGLibraryTableViewController.m in Sources */,
				59DF20701ADEBB8E00556DA2 /* UIViewController+Navigation.m in Sources */,
				59AFD7181AE5D856004BEA6B /* ReaderContentTile.m in Sources */,
				59E040671ADC30B0007EF337 /* FLGCover.m in Sources */,
				59AFD7201AE5D856004BEA6B /* ReaderThumbQueue.m in Sources */,
				59E040641ADC30AF007EF337 /* FLGAnnotation.m in Sources */,
				59AFD71C1AE5D856004BEA6B /* ReaderMainPagebar.m in Sources */,
				591820A11AE72E0B00032809 /* AGTCoreDataCollectionViewController.m in Sources */,
				59E040511ADC3093007EF337 /* _FLGPhoto.m in Sources */,
				59AFD71F1AE5D856004BEA6B /* ReaderThumbFetch.m in Sources */,
				59DA36C31AE08C1000A7E12E /* FLGSplashViewController.m in Sources */,
				59E0406B1ADC30B0007EF337 /* FLGTag.m in Sources */,
				59AFD7211AE5D856004BEA6B /* ReaderThumbRender.m in Sources */,
				59DF20511ADDCF1000556DA2 /* AGTCoreDataStack.m in Sources */,
				59E0404F1ADC3093007EF337 /* _FLGLocation.m in Sources */,
				597238941AE85F4E001377BC /* FLGAnnotationTableViewCell.m in Sources */,
				59E0401A1ADC2781007EF337 /* main.m in Sources */,
				59E040661ADC30B0007EF337 /* FLGBook.m in Sources */,
				59E040521ADC3093007EF337 /* _FLGTag.m in Sources */,
				59DF20901ADFFCC900556DA2 /* FLGBookViewController.m in Sources */,
				59AFD7261AE5D856004BEA6B /* ThumbsMainToolbar.m in Sources */,
				59AFD7231AE5D856004BEA6B /* ReaderThumbsView.m in Sources */,
				59AFD7281AE5D856004BEA6B /* UIXToolbarView.m in Sources */,
				59AFD7221AE5D856004BEA6B /* ReaderThumbRequest.m in Sources */,
				59AFD71E1AE5D856004BEA6B /* ReaderThumbCache.m in Sources */,
				59AFD7191AE5D856004BEA6B /* ReaderContentView.m in Sources */,
				59E040501ADC3093007EF337 /* _FLGPdf.m in Sources */,
				59E040681ADC30B0007EF337 /* FLGLocation.m in Sources */,
				59AFD6E91AE5D63F004BEA6B /* FLGPdfViewController.m in Sources */,
				59E0404D1ADC3093007EF337 /* _FLGBook.m in Sources */,
				59E0404C1ADC3093007EF337 /* _FLGAuthor.m in Sources */,
				59E040651ADC30AF007EF337 /* FLGAuthor.m in Sources */,
				591820AB1AE7365400032809 /* FLGAnnotationViewController.m in Sources */,
				59E0406A1ADC30B0007EF337 /* FLGPhoto.m in Sources */,
				59E0404B1ADC3093007EF337 /* _FLGAnnotation.m in Sources */,
				59AFD71D1AE5D856004BEA6B /* ReaderMainToolbar.m in Sources */,
				591820B21AE73A7E00032809 /* FLGPhotoViewController.m in Sources */,
				59AFD71A1AE5D856004BEA6B /* ReaderDocument.m in Sources */,
				59AFD6AB1AE4F2FF004BEA6B /* AGTCoreDataStack+FetchWithContext.m in Sources */,
				59AFD7161AE5D856004BEA6B /* ReaderConstants.m in Sources */,
				59E0403A1ADC29F6007EF337 /* Model.xcdatamodeld in Sources */,
				59AFD7151AE5D856004BEA6B /* CGPDFDocument.m in Sources */,
				59AFD7171AE5D856004BEA6B /* ReaderContentPage.m in Sources */,
				59E040691ADC30B0007EF337 /* FLGPdf.m in Sources */,
				59AFD7271AE5D856004BEA6B /* ThumbsViewController.m in Sources */,
			);
			runOnlyForDeploymentPostprocessing = 0;
		};
		59E040231ADC2782007EF337 /* Sources */ = {
			isa = PBXSourcesBuildPhase;
			buildActionMask = 2147483647;
			files = (
				59E0402E1ADC2782007EF337 /* HackerBooksAdvancedTests.m in Sources */,
			);
			runOnlyForDeploymentPostprocessing = 0;
		};
/* End PBXSourcesBuildPhase section */

/* Begin PBXTargetDependency section */
		59E040291ADC2782007EF337 /* PBXTargetDependency */ = {
			isa = PBXTargetDependency;
			target = 59E040131ADC2781007EF337 /* HackerBooksAdvanced */;
			targetProxy = 59E040281ADC2782007EF337 /* PBXContainerItemProxy */;
		};
/* End PBXTargetDependency section */

/* Begin PBXVariantGroup section */
		59E040201ADC2782007EF337 /* LaunchScreen.xib */ = {
			isa = PBXVariantGroup;
			children = (
				59E040211ADC2782007EF337 /* Base */,
			);
			name = LaunchScreen.xib;
			sourceTree = "<group>";
		};
/* End PBXVariantGroup section */

/* Begin XCBuildConfiguration section */
		59E0402F1ADC2782007EF337 /* Debug */ = {
			isa = XCBuildConfiguration;
			buildSettings = {
				ALWAYS_SEARCH_USER_PATHS = NO;
				CLANG_CXX_LANGUAGE_STANDARD = "gnu++0x";
				CLANG_CXX_LIBRARY = "libc++";
				CLANG_ENABLE_MODULES = YES;
				CLANG_ENABLE_OBJC_ARC = YES;
				CLANG_WARN_BOOL_CONVERSION = YES;
				CLANG_WARN_CONSTANT_CONVERSION = YES;
				CLANG_WARN_DIRECT_OBJC_ISA_USAGE = YES_ERROR;
				CLANG_WARN_EMPTY_BODY = YES;
				CLANG_WARN_ENUM_CONVERSION = YES;
				CLANG_WARN_INT_CONVERSION = YES;
				CLANG_WARN_OBJC_ROOT_CLASS = YES_ERROR;
				CLANG_WARN_UNREACHABLE_CODE = YES;
				CLANG_WARN__DUPLICATE_METHOD_MATCH = YES;
				"CODE_SIGN_IDENTITY[sdk=iphoneos*]" = "iPhone Developer";
				COPY_PHASE_STRIP = NO;
				ENABLE_STRICT_OBJC_MSGSEND = YES;
				GCC_C_LANGUAGE_STANDARD = gnu99;
				GCC_DYNAMIC_NO_PIC = NO;
				GCC_OPTIMIZATION_LEVEL = 0;
				GCC_PREPROCESSOR_DEFINITIONS = (
					"DEBUG=1",
					"$(inherited)",
				);
				GCC_SYMBOLS_PRIVATE_EXTERN = NO;
				GCC_WARN_64_TO_32_BIT_CONVERSION = YES;
				GCC_WARN_ABOUT_RETURN_TYPE = YES_ERROR;
				GCC_WARN_UNDECLARED_SELECTOR = YES;
				GCC_WARN_UNINITIALIZED_AUTOS = YES_AGGRESSIVE;
				GCC_WARN_UNUSED_FUNCTION = YES;
				GCC_WARN_UNUSED_VARIABLE = YES;
				IPHONEOS_DEPLOYMENT_TARGET = 8.2;
				MTL_ENABLE_DEBUG_INFO = YES;
				ONLY_ACTIVE_ARCH = YES;
				SDKROOT = iphoneos;
			};
			name = Debug;
		};
		59E040301ADC2782007EF337 /* Release */ = {
			isa = XCBuildConfiguration;
			buildSettings = {
				ALWAYS_SEARCH_USER_PATHS = NO;
				CLANG_CXX_LANGUAGE_STANDARD = "gnu++0x";
				CLANG_CXX_LIBRARY = "libc++";
				CLANG_ENABLE_MODULES = YES;
				CLANG_ENABLE_OBJC_ARC = YES;
				CLANG_WARN_BOOL_CONVERSION = YES;
				CLANG_WARN_CONSTANT_CONVERSION = YES;
				CLANG_WARN_DIRECT_OBJC_ISA_USAGE = YES_ERROR;
				CLANG_WARN_EMPTY_BODY = YES;
				CLANG_WARN_ENUM_CONVERSION = YES;
				CLANG_WARN_INT_CONVERSION = YES;
				CLANG_WARN_OBJC_ROOT_CLASS = YES_ERROR;
				CLANG_WARN_UNREACHABLE_CODE = YES;
				CLANG_WARN__DUPLICATE_METHOD_MATCH = YES;
				"CODE_SIGN_IDENTITY[sdk=iphoneos*]" = "iPhone Developer";
				COPY_PHASE_STRIP = NO;
				ENABLE_NS_ASSERTIONS = NO;
				ENABLE_STRICT_OBJC_MSGSEND = YES;
				GCC_C_LANGUAGE_STANDARD = gnu99;
				GCC_WARN_64_TO_32_BIT_CONVERSION = YES;
				GCC_WARN_ABOUT_RETURN_TYPE = YES_ERROR;
				GCC_WARN_UNDECLARED_SELECTOR = YES;
				GCC_WARN_UNINITIALIZED_AUTOS = YES_AGGRESSIVE;
				GCC_WARN_UNUSED_FUNCTION = YES;
				GCC_WARN_UNUSED_VARIABLE = YES;
				IPHONEOS_DEPLOYMENT_TARGET = 8.2;
				MTL_ENABLE_DEBUG_INFO = NO;
				SDKROOT = iphoneos;
				VALIDATE_PRODUCT = YES;
			};
			name = Release;
		};
		59E040321ADC2782007EF337 /* Debug */ = {
			isa = XCBuildConfiguration;
			buildSettings = {
				ASSETCATALOG_COMPILER_APPICON_NAME = AppIcon;
				INFOPLIST_FILE = HackerBooksAdvanced/Info.plist;
				LD_RUNPATH_SEARCH_PATHS = "$(inherited) @executable_path/Frameworks";
				PRODUCT_NAME = "$(TARGET_NAME)";
				TARGETED_DEVICE_FAMILY = "1,2";
			};
			name = Debug;
		};
		59E040331ADC2782007EF337 /* Release */ = {
			isa = XCBuildConfiguration;
			buildSettings = {
				ASSETCATALOG_COMPILER_APPICON_NAME = AppIcon;
				INFOPLIST_FILE = HackerBooksAdvanced/Info.plist;
				LD_RUNPATH_SEARCH_PATHS = "$(inherited) @executable_path/Frameworks";
				PRODUCT_NAME = "$(TARGET_NAME)";
				TARGETED_DEVICE_FAMILY = "1,2";
			};
			name = Release;
		};
		59E040351ADC2782007EF337 /* Debug */ = {
			isa = XCBuildConfiguration;
			buildSettings = {
				BUNDLE_LOADER = "$(TEST_HOST)";
				FRAMEWORK_SEARCH_PATHS = (
					"$(SDKROOT)/Developer/Library/Frameworks",
					"$(inherited)",
				);
				GCC_PREPROCESSOR_DEFINITIONS = (
					"DEBUG=1",
					"$(inherited)",
				);
				INFOPLIST_FILE = HackerBooksAdvancedTests/Info.plist;
				LD_RUNPATH_SEARCH_PATHS = "$(inherited) @executable_path/Frameworks @loader_path/Frameworks";
				PRODUCT_NAME = "$(TARGET_NAME)";
				TEST_HOST = "$(BUILT_PRODUCTS_DIR)/HackerBooksAdvanced.app/HackerBooksAdvanced";
			};
			name = Debug;
		};
		59E040361ADC2782007EF337 /* Release */ = {
			isa = XCBuildConfiguration;
			buildSettings = {
				BUNDLE_LOADER = "$(TEST_HOST)";
				FRAMEWORK_SEARCH_PATHS = (
					"$(SDKROOT)/Developer/Library/Frameworks",
					"$(inherited)",
				);
				INFOPLIST_FILE = HackerBooksAdvancedTests/Info.plist;
				LD_RUNPATH_SEARCH_PATHS = "$(inherited) @executable_path/Frameworks @loader_path/Frameworks";
				PRODUCT_NAME = "$(TARGET_NAME)";
				TEST_HOST = "$(BUILT_PRODUCTS_DIR)/HackerBooksAdvanced.app/HackerBooksAdvanced";
			};
			name = Release;
		};
/* End XCBuildConfiguration section */

/* Begin XCConfigurationList section */
		59E0400F1ADC2781007EF337 /* Build configuration list for PBXProject "HackerBooksAdvanced" */ = {
			isa = XCConfigurationList;
			buildConfigurations = (
				59E0402F1ADC2782007EF337 /* Debug */,
				59E040301ADC2782007EF337 /* Release */,
			);
			defaultConfigurationIsVisible = 0;
			defaultConfigurationName = Release;
		};
		59E040311ADC2782007EF337 /* Build configuration list for PBXNativeTarget "HackerBooksAdvanced" */ = {
			isa = XCConfigurationList;
			buildConfigurations = (
				59E040321ADC2782007EF337 /* Debug */,
				59E040331ADC2782007EF337 /* Release */,
			);
			defaultConfigurationIsVisible = 0;
			defaultConfigurationName = Release;
		};
		59E040341ADC2782007EF337 /* Build configuration list for PBXNativeTarget "HackerBooksAdvancedTests" */ = {
			isa = XCConfigurationList;
			buildConfigurations = (
				59E040351ADC2782007EF337 /* Debug */,
				59E040361ADC2782007EF337 /* Release */,
			);
			defaultConfigurationIsVisible = 0;
			defaultConfigurationName = Release;
		};
/* End XCConfigurationList section */

/* Begin XCVersionGroup section */
		59E040381ADC29F6007EF337 /* Model.xcdatamodeld */ = {
			isa = XCVersionGroup;
			children = (
				59E040391ADC29F6007EF337 /* Model.xcdatamodel */,
			);
			currentVersion = 59E040391ADC29F6007EF337 /* Model.xcdatamodel */;
			path = Model.xcdatamodeld;
			sourceTree = "<group>";
			versionGroupType = wrapper.xcdatamodel;
		};
/* End XCVersionGroup section */
	};
	rootObject = 59E0400C1ADC2781007EF337 /* Project object */;
}
